// !$*UTF8*$!
{
	archiveVersion = 1;
	classes = {
	};
	objectVersion = 56;
	objects = {

/* Begin PBXBuildFile section */
		344EF7002A3B6A9000B426BC /* secondQuestionView.swift in Sources */ = {isa = PBXBuildFile; fileRef = 344EF6FF2A3B6A9000B426BC /* secondQuestionView.swift */; };
		344EF7022A3B6A9C00B426BC /* thirdQuestionView.swift in Sources */ = {isa = PBXBuildFile; fileRef = 344EF7012A3B6A9C00B426BC /* thirdQuestionView.swift */; };
		344EF7042A3B6B5D00B426BC /* FourQuestionView.swift in Sources */ = {isa = PBXBuildFile; fileRef = 344EF7032A3B6B5D00B426BC /* FourQuestionView.swift */; };
		344EF7062A3B6B6C00B426BC /* FiveQuestionView.swift in Sources */ = {isa = PBXBuildFile; fileRef = 344EF7052A3B6B6C00B426BC /* FiveQuestionView.swift */; };
		344EF7082A3B6C7100B426BC /* FinalQuiz.swift in Sources */ = {isa = PBXBuildFile; fileRef = 344EF7072A3B6C7100B426BC /* FinalQuiz.swift */; };
		D11C00EF2A3A4423002A1706 /* Mind_the_GapApp.swift in Sources */ = {isa = PBXBuildFile; fileRef = D11C00EE2A3A4423002A1706 /* Mind_the_GapApp.swift */; };
		D11C00F12A3A4423002A1706 /* ContentView.swift in Sources */ = {isa = PBXBuildFile; fileRef = D11C00F02A3A4423002A1706 /* ContentView.swift */; };
		D11C00F32A3A4425002A1706 /* Assets.xcassets in Resources */ = {isa = PBXBuildFile; fileRef = D11C00F22A3A4425002A1706 /* Assets.xcassets */; };
		D11C00F62A3A4425002A1706 /* Preview Assets.xcassets in Resources */ = {isa = PBXBuildFile; fileRef = D11C00F52A3A4425002A1706 /* Preview Assets.xcassets */; };
		D11C00FD2A3A4484002A1706 /* AddressIssueView.swift in Sources */ = {isa = PBXBuildFile; fileRef = D11C00FC2A3A4484002A1706 /* AddressIssueView.swift */; };
		D11C00FF2A3A44A1002A1706 /* ComparisonsView.swift in Sources */ = {isa = PBXBuildFile; fileRef = D11C00FE2A3A44A1002A1706 /* ComparisonsView.swift */; };
		D11C01012A3A44B2002A1706 /* AwarenessHelpView.swift in Sources */ = {isa = PBXBuildFile; fileRef = D11C01002A3A44B2002A1706 /* AwarenessHelpView.swift */; };
		D11C01032A3B5D86002A1706 /* QuizView.swift in Sources */ = {isa = PBXBuildFile; fileRef = D11C01022A3B5D86002A1706 /* QuizView.swift */; };
		D11C01052A3B5E63002A1706 /* mapView.swift in Sources */ = {isa = PBXBuildFile; fileRef = D11C01042A3B5E63002A1706 /* mapView.swift */; };
		D11C01072A3B73DF002A1706 /* salaryView.swift in Sources */ = {isa = PBXBuildFile; fileRef = D11C01062A3B73DF002A1706 /* salaryView.swift */; };
		D11C01092A3B73EB002A1706 /* promotionsView.swift in Sources */ = {isa = PBXBuildFile; fileRef = D11C01082A3B73EB002A1706 /* promotionsView.swift */; };
/* End PBXBuildFile section */

/* Begin PBXFileReference section */
		344EF6FF2A3B6A9000B426BC /* secondQuestionView.swift */ = {isa = PBXFileReference; lastKnownFileType = sourcecode.swift; path = secondQuestionView.swift; sourceTree = "<group>"; };
		344EF7012A3B6A9C00B426BC /* thirdQuestionView.swift */ = {isa = PBXFileReference; lastKnownFileType = sourcecode.swift; path = thirdQuestionView.swift; sourceTree = "<group>"; };
		344EF7032A3B6B5D00B426BC /* FourQuestionView.swift */ = {isa = PBXFileReference; lastKnownFileType = sourcecode.swift; path = FourQuestionView.swift; sourceTree = "<group>"; };
		344EF7052A3B6B6C00B426BC /* FiveQuestionView.swift */ = {isa = PBXFileReference; lastKnownFileType = sourcecode.swift; path = FiveQuestionView.swift; sourceTree = "<group>"; };
		344EF7072A3B6C7100B426BC /* FinalQuiz.swift */ = {isa = PBXFileReference; lastKnownFileType = sourcecode.swift; path = FinalQuiz.swift; sourceTree = "<group>"; };
		D11C00EB2A3A4423002A1706 /* Mind the Gap.app */ = {isa = PBXFileReference; explicitFileType = wrapper.application; includeInIndex = 0; path = "Mind the Gap.app"; sourceTree = BUILT_PRODUCTS_DIR; };
		D11C00EE2A3A4423002A1706 /* Mind_the_GapApp.swift */ = {isa = PBXFileReference; lastKnownFileType = sourcecode.swift; path = Mind_the_GapApp.swift; sourceTree = "<group>"; };
		D11C00F02A3A4423002A1706 /* ContentView.swift */ = {isa = PBXFileReference; lastKnownFileType = sourcecode.swift; path = ContentView.swift; sourceTree = "<group>"; };
		D11C00F22A3A4425002A1706 /* Assets.xcassets */ = {isa = PBXFileReference; lastKnownFileType = folder.assetcatalog; path = Assets.xcassets; sourceTree = "<group>"; };
		D11C00F52A3A4425002A1706 /* Preview Assets.xcassets */ = {isa = PBXFileReference; lastKnownFileType = folder.assetcatalog; path = "Preview Assets.xcassets"; sourceTree = "<group>"; };
		D11C00FC2A3A4484002A1706 /* AddressIssueView.swift */ = {isa = PBXFileReference; lastKnownFileType = sourcecode.swift; path = AddressIssueView.swift; sourceTree = "<group>"; };
		D11C00FE2A3A44A1002A1706 /* ComparisonsView.swift */ = {isa = PBXFileReference; lastKnownFileType = sourcecode.swift; path = ComparisonsView.swift; sourceTree = "<group>"; };
		D11C01002A3A44B2002A1706 /* AwarenessHelpView.swift */ = {isa = PBXFileReference; lastKnownFileType = sourcecode.swift; path = AwarenessHelpView.swift; sourceTree = "<group>"; };
		D11C01022A3B5D86002A1706 /* QuizView.swift */ = {isa = PBXFileReference; lastKnownFileType = sourcecode.swift; path = QuizView.swift; sourceTree = "<group>"; };
		D11C01042A3B5E63002A1706 /* mapView.swift */ = {isa = PBXFileReference; lastKnownFileType = sourcecode.swift; path = mapView.swift; sourceTree = "<group>"; };
		D11C01062A3B73DF002A1706 /* salaryView.swift */ = {isa = PBXFileReference; lastKnownFileType = sourcecode.swift; path = salaryView.swift; sourceTree = "<group>"; };
		D11C01082A3B73EB002A1706 /* promotionsView.swift */ = {isa = PBXFileReference; lastKnownFileType = sourcecode.swift; path = promotionsView.swift; sourceTree = "<group>"; };
/* End PBXFileReference section */

/* Begin PBXFrameworksBuildPhase section */
		D11C00E82A3A4423002A1706 /* Frameworks */ = {
			isa = PBXFrameworksBuildPhase;
			buildActionMask = 2147483647;
			files = (
			);
			runOnlyForDeploymentPostprocessing = 0;
		};
/* End PBXFrameworksBuildPhase section */

/* Begin PBXGroup section */
		D11C00E22A3A4423002A1706 = {
			isa = PBXGroup;
			children = (
				D11C00ED2A3A4423002A1706 /* Mind the Gap */,
				D11C00EC2A3A4423002A1706 /* Products */,
			);
			sourceTree = "<group>";
		};
		D11C00EC2A3A4423002A1706 /* Products */ = {
			isa = PBXGroup;
			children = (
				D11C00EB2A3A4423002A1706 /* Mind the Gap.app */,
			);
			name = Products;
			sourceTree = "<group>";
		};
		D11C00ED2A3A4423002A1706 /* Mind the Gap */ = {
			isa = PBXGroup;
			children = (
				D11C00EE2A3A4423002A1706 /* Mind_the_GapApp.swift */,
				D11C00F02A3A4423002A1706 /* ContentView.swift */,
				D11C00FC2A3A4484002A1706 /* AddressIssueView.swift */,
				D11C01042A3B5E63002A1706 /* mapView.swift */,
				D11C00FE2A3A44A1002A1706 /* ComparisonsView.swift */,
				D11C01062A3B73DF002A1706 /* salaryView.swift */,
				D11C01082A3B73EB002A1706 /* promotionsView.swift */,
				D11C01002A3A44B2002A1706 /* AwarenessHelpView.swift */,
				D11C01022A3B5D86002A1706 /* QuizView.swift */,
				344EF6FF2A3B6A9000B426BC /* secondQuestionView.swift */,
				344EF7012A3B6A9C00B426BC /* thirdQuestionView.swift */,
				344EF7032A3B6B5D00B426BC /* FourQuestionView.swift */,
				344EF7052A3B6B6C00B426BC /* FiveQuestionView.swift */,
				344EF7072A3B6C7100B426BC /* FinalQuiz.swift */,
				D11C00F22A3A4425002A1706 /* Assets.xcassets */,
				D11C00F42A3A4425002A1706 /* Preview Content */,
			);
			path = "Mind the Gap";
			sourceTree = "<group>";
		};
		D11C00F42A3A4425002A1706 /* Preview Content */ = {
			isa = PBXGroup;
			children = (
				D11C00F52A3A4425002A1706 /* Preview Assets.xcassets */,
			);
			path = "Preview Content";
			sourceTree = "<group>";
		};
/* End PBXGroup section */

/* Begin PBXNativeTarget section */
		D11C00EA2A3A4423002A1706 /* Mind the Gap */ = {
			isa = PBXNativeTarget;
			buildConfigurationList = D11C00F92A3A4425002A1706 /* Build configuration list for PBXNativeTarget "Mind the Gap" */;
			buildPhases = (
				D11C00E72A3A4423002A1706 /* Sources */,
				D11C00E82A3A4423002A1706 /* Frameworks */,
				D11C00E92A3A4423002A1706 /* Resources */,
			);
			buildRules = (
			);
			dependencies = (
			);
			name = "Mind the Gap";
			productName = "Mind the Gap";
			productReference = D11C00EB2A3A4423002A1706 /* Mind the Gap.app */;
			productType = "com.apple.product-type.application";
		};
/* End PBXNativeTarget section */

/* Begin PBXProject section */
		D11C00E32A3A4423002A1706 /* Project object */ = {
			isa = PBXProject;
			attributes = {
				BuildIndependentTargetsInParallel = 1;
				LastSwiftUpdateCheck = 1430;
				LastUpgradeCheck = 1430;
				TargetAttributes = {
					D11C00EA2A3A4423002A1706 = {
						CreatedOnToolsVersion = 14.3.1;
					};
				};
			};
			buildConfigurationList = D11C00E62A3A4423002A1706 /* Build configuration list for PBXProject "Mind the Gap" */;
			compatibilityVersion = "Xcode 14.0";
			developmentRegion = en;
			hasScannedForEncodings = 0;
			knownRegions = (
				en,
				Base,
			);
			mainGroup = D11C00E22A3A4423002A1706;
			productRefGroup = D11C00EC2A3A4423002A1706 /* Products */;
			projectDirPath = "";
			projectRoot = "";
			targets = (
				D11C00EA2A3A4423002A1706 /* Mind the Gap */,
			);
		};
/* End PBXProject section */

/* Begin PBXResourcesBuildPhase section */
		D11C00E92A3A4423002A1706 /* Resources */ = {
			isa = PBXResourcesBuildPhase;
			buildActionMask = 2147483647;
			files = (
				D11C00F62A3A4425002A1706 /* Preview Assets.xcassets in Resources */,
				D11C00F32A3A4425002A1706 /* Assets.xcassets in Resources */,
			);
			runOnlyForDeploymentPostprocessing = 0;
		};
/* End PBXResourcesBuildPhase section */

/* Begin PBXSourcesBuildPhase section */
		D11C00E72A3A4423002A1706 /* Sources */ = {
			isa = PBXSourcesBuildPhase;
			buildActionMask = 2147483647;
			files = (
				D11C00FD2A3A4484002A1706 /* AddressIssueView.swift in Sources */,
				D11C00FF2A3A44A1002A1706 /* ComparisonsView.swift in Sources */,
				344EF7002A3B6A9000B426BC /* secondQuestionView.swift in Sources */,
				D11C01072A3B73DF002A1706 /* salaryView.swift in Sources */,
				D11C01092A3B73EB002A1706 /* promotionsView.swift in Sources */,
				D11C00F12A3A4423002A1706 /* ContentView.swift in Sources */,
				344EF7022A3B6A9C00B426BC /* thirdQuestionView.swift in Sources */,
				344EF7042A3B6B5D00B426BC /* FourQuestionView.swift in Sources */,
				344EF7062A3B6B6C00B426BC /* FiveQuestionView.swift in Sources */,
				D11C01012A3A44B2002A1706 /* AwarenessHelpView.swift in Sources */,
				D11C00EF2A3A4423002A1706 /* Mind_the_GapApp.swift in Sources */,
				344EF7082A3B6C7100B426BC /* FinalQuiz.swift in Sources */,
				D11C01032A3B5D86002A1706 /* QuizView.swift in Sources */,
				D11C01052A3B5E63002A1706 /* mapView.swift in Sources */,
			);
			runOnlyForDeploymentPostprocessing = 0;
		};
/* End PBXSourcesBuildPhase section */

/* Begin XCBuildConfiguration section */
		D11C00F72A3A4425002A1706 /* Debug */ = {
			isa = XCBuildConfiguration;
			buildSettings = {
				ALWAYS_SEARCH_USER_PATHS = NO;
				CLANG_ANALYZER_NONNULL = YES;
				CLANG_ANALYZER_NUMBER_OBJECT_CONVERSION = YES_AGGRESSIVE;
				CLANG_CXX_LANGUAGE_STANDARD = "gnu++20";
				CLANG_ENABLE_MODULES = YES;
				CLANG_ENABLE_OBJC_ARC = YES;
				CLANG_ENABLE_OBJC_WEAK = YES;
				CLANG_WARN_BLOCK_CAPTURE_AUTORELEASING = YES;
				CLANG_WARN_BOOL_CONVERSION = YES;
				CLANG_WARN_COMMA = YES;
				CLANG_WARN_CONSTANT_CONVERSION = YES;
				CLANG_WARN_DEPRECATED_OBJC_IMPLEMENTATIONS = YES;
				CLANG_WARN_DIRECT_OBJC_ISA_USAGE = YES_ERROR;
				CLANG_WARN_DOCUMENTATION_COMMENTS = YES;
				CLANG_WARN_EMPTY_BODY = YES;
				CLANG_WARN_ENUM_CONVERSION = YES;
				CLANG_WARN_INFINITE_RECURSION = YES;
				CLANG_WARN_INT_CONVERSION = YES;
				CLANG_WARN_NON_LITERAL_NULL_CONVERSION = YES;
				CLANG_WARN_OBJC_IMPLICIT_RETAIN_SELF = YES;
				CLANG_WARN_OBJC_LITERAL_CONVERSION = YES;
				CLANG_WARN_OBJC_ROOT_CLASS = YES_ERROR;
				CLANG_WARN_QUOTED_INCLUDE_IN_FRAMEWORK_HEADER = YES;
				CLANG_WARN_RANGE_LOOP_ANALYSIS = YES;
				CLANG_WARN_STRICT_PROTOTYPES = YES;
				CLANG_WARN_SUSPICIOUS_MOVE = YES;
				CLANG_WARN_UNGUARDED_AVAILABILITY = YES_AGGRESSIVE;
				CLANG_WARN_UNREACHABLE_CODE = YES;
				CLANG_WARN__DUPLICATE_METHOD_MATCH = YES;
				COPY_PHASE_STRIP = NO;
				DEBUG_INFORMATION_FORMAT = dwarf;
				ENABLE_STRICT_OBJC_MSGSEND = YES;
				ENABLE_TESTABILITY = YES;
				GCC_C_LANGUAGE_STANDARD = gnu11;
				GCC_DYNAMIC_NO_PIC = NO;
				GCC_NO_COMMON_BLOCKS = YES;
				GCC_OPTIMIZATION_LEVEL = 0;
				GCC_PREPROCESSOR_DEFINITIONS = (
					"DEBUG=1",
					"$(inherited)",
				);
				GCC_WARN_64_TO_32_BIT_CONVERSION = YES;
				GCC_WARN_ABOUT_RETURN_TYPE = YES_ERROR;
				GCC_WARN_UNDECLARED_SELECTOR = YES;
				GCC_WARN_UNINITIALIZED_AUTOS = YES_AGGRESSIVE;
				GCC_WARN_UNUSED_FUNCTION = YES;
				GCC_WARN_UNUSED_VARIABLE = YES;
				IPHONEOS_DEPLOYMENT_TARGET = 16.4;
				MTL_ENABLE_DEBUG_INFO = INCLUDE_SOURCE;
				MTL_FAST_MATH = YES;
				ONLY_ACTIVE_ARCH = YES;
				SDKROOT = iphoneos;
				SWIFT_ACTIVE_COMPILATION_CONDITIONS = DEBUG;
				SWIFT_OPTIMIZATION_LEVEL = "-Onone";
			};
			name = Debug;
		};
		D11C00F82A3A4425002A1706 /* Release */ = {
			isa = XCBuildConfiguration;
			buildSettings = {
				ALWAYS_SEARCH_USER_PATHS = NO;
				CLANG_ANALYZER_NONNULL = YES;
				CLANG_ANALYZER_NUMBER_OBJECT_CONVERSION = YES_AGGRESSIVE;
				CLANG_CXX_LANGUAGE_STANDARD = "gnu++20";
				CLANG_ENABLE_MODULES = YES;
				CLANG_ENABLE_OBJC_ARC = YES;
				CLANG_ENABLE_OBJC_WEAK = YES;
				CLANG_WARN_BLOCK_CAPTURE_AUTORELEASING = YES;
				CLANG_WARN_BOOL_CONVERSION = YES;
				CLANG_WARN_COMMA = YES;
				CLANG_WARN_CONSTANT_CONVERSION = YES;
				CLANG_WARN_DEPRECATED_OBJC_IMPLEMENTATIONS = YES;
				CLANG_WARN_DIRECT_OBJC_ISA_USAGE = YES_ERROR;
				CLANG_WARN_DOCUMENTATION_COMMENTS = YES;
				CLANG_WARN_EMPTY_BODY = YES;
				CLANG_WARN_ENUM_CONVERSION = YES;
				CLANG_WARN_INFINITE_RECURSION = YES;
				CLANG_WARN_INT_CONVERSION = YES;
				CLANG_WARN_NON_LITERAL_NULL_CONVERSION = YES;
				CLANG_WARN_OBJC_IMPLICIT_RETAIN_SELF = YES;
				CLANG_WARN_OBJC_LITERAL_CONVERSION = YES;
				CLANG_WARN_OBJC_ROOT_CLASS = YES_ERROR;
				CLANG_WARN_QUOTED_INCLUDE_IN_FRAMEWORK_HEADER = YES;
				CLANG_WARN_RANGE_LOOP_ANALYSIS = YES;
				CLANG_WARN_STRICT_PROTOTYPES = YES;
				CLANG_WARN_SUSPICIOUS_MOVE = YES;
				CLANG_WARN_UNGUARDED_AVAILABILITY = YES_AGGRESSIVE;
				CLANG_WARN_UNREACHABLE_CODE = YES;
				CLANG_WARN__DUPLICATE_METHOD_MATCH = YES;
				COPY_PHASE_STRIP = NO;
				DEBUG_INFORMATION_FORMAT = "dwarf-with-dsym";
				ENABLE_NS_ASSERTIONS = NO;
				ENABLE_STRICT_OBJC_MSGSEND = YES;
				GCC_C_LANGUAGE_STANDARD = gnu11;
				GCC_NO_COMMON_BLOCKS = YES;
				GCC_WARN_64_TO_32_BIT_CONVERSION = YES;
				GCC_WARN_ABOUT_RETURN_TYPE = YES_ERROR;
				GCC_WARN_UNDECLARED_SELECTOR = YES;
				GCC_WARN_UNINITIALIZED_AUTOS = YES_AGGRESSIVE;
				GCC_WARN_UNUSED_FUNCTION = YES;
				GCC_WARN_UNUSED_VARIABLE = YES;
				IPHONEOS_DEPLOYMENT_TARGET = 16.4;
				MTL_ENABLE_DEBUG_INFO = NO;
				MTL_FAST_MATH = YES;
				SDKROOT = iphoneos;
				SWIFT_COMPILATION_MODE = wholemodule;
				SWIFT_OPTIMIZATION_LEVEL = "-O";
				VALIDATE_PRODUCT = YES;
			};
			name = Release;
		};
		D11C00FA2A3A4425002A1706 /* Debug */ = {
			isa = XCBuildConfiguration;
			buildSettings = {
				ASSETCATALOG_COMPILER_APPICON_NAME = AppIcon;
				ASSETCATALOG_COMPILER_GLOBAL_ACCENT_COLOR_NAME = AccentColor;
				CODE_SIGN_STYLE = Automatic;
				CURRENT_PROJECT_VERSION = 1;
				DEVELOPMENT_ASSET_PATHS = "\"Mind the Gap/Preview Content\"";
				DEVELOPMENT_TEAM = GQH7NN22H2;
				ENABLE_PREVIEWS = YES;
				GENERATE_INFOPLIST_FILE = YES;
				INFOPLIST_KEY_UIApplicationSceneManifest_Generation = YES;
				INFOPLIST_KEY_UIApplicationSupportsIndirectInputEvents = YES;
				INFOPLIST_KEY_UILaunchScreen_Generation = YES;
				INFOPLIST_KEY_UISupportedInterfaceOrientations_iPad = "UIInterfaceOrientationPortrait UIInterfaceOrientationPortraitUpsideDown UIInterfaceOrientationLandscapeLeft UIInterfaceOrientationLandscapeRight";
				INFOPLIST_KEY_UISupportedInterfaceOrientations_iPhone = "UIInterfaceOrientationPortrait UIInterfaceOrientationLandscapeLeft UIInterfaceOrientationLandscapeRight";
				LD_RUNPATH_SEARCH_PATHS = (
					"$(inherited)",
					"@executable_path/Frameworks",
				);
				MARKETING_VERSION = 1.0;
				PRODUCT_BUNDLE_IDENTIFIER = "KWK.Mind-the-Gap";
				PRODUCT_NAME = "$(TARGET_NAME)";
				SWIFT_EMIT_LOC_STRINGS = YES;
				SWIFT_VERSION = 5.0;
				TARGETED_DEVICE_FAMILY = "1,2";
			};
			name = Debug;
		};
		D11C00FB2A3A4425002A1706 /* Release */ = {
			isa = XCBuildConfiguration;
			buildSettings = {
				ASSETCATALOG_COMPILER_APPICON_NAME = AppIcon;
				ASSETCATALOG_COMPILER_GLOBAL_ACCENT_COLOR_NAME = AccentColor;
				CODE_SIGN_STYLE = Automatic;
				CURRENT_PROJECT_VERSION = 1;
				DEVELOPMENT_ASSET_PATHS = "\"Mind the Gap/Preview Content\"";
				DEVELOPMENT_TEAM = GQH7NN22H2;
				ENABLE_PREVIEWS = YES;
				GENERATE_INFOPLIST_FILE = YES;
				INFOPLIST_KEY_UIApplicationSceneManifest_Generation = YES;
				INFOPLIST_KEY_UIApplicationSupportsIndirectInputEvents = YES;
				INFOPLIST_KEY_UILaunchScreen_Generation = YES;
				INFOPLIST_KEY_UISupportedInterfaceOrientations_iPad = "UIInterfaceOrientationPortrait UIInterfaceOrientationPortraitUpsideDown UIInterfaceOrientationLandscapeLeft UIInterfaceOrientationLandscapeRight";
				INFOPLIST_KEY_UISupportedInterfaceOrientations_iPhone = "UIInterfaceOrientationPortrait UIInterfaceOrientationLandscapeLeft UIInterfaceOrientationLandscapeRight";
				LD_RUNPATH_SEARCH_PATHS = (
					"$(inherited)",
					"@executable_path/Frameworks",
				);
				MARKETING_VERSION = 1.0;
				PRODUCT_BUNDLE_IDENTIFIER = "KWK.Mind-the-Gap";
				PRODUCT_NAME = "$(TARGET_NAME)";
				SWIFT_EMIT_LOC_STRINGS = YES;
				SWIFT_VERSION = 5.0;
				TARGETED_DEVICE_FAMILY = "1,2";
			};
			name = Release;
		};
/* End XCBuildConfiguration section */

/* Begin XCConfigurationList section */
		D11C00E62A3A4423002A1706 /* Build configuration list for PBXProject "Mind the Gap" */ = {
			isa = XCConfigurationList;
			buildConfigurations = (
				D11C00F72A3A4425002A1706 /* Debug */,
				D11C00F82A3A4425002A1706 /* Release */,
			);
			defaultConfigurationIsVisible = 0;
			defaultConfigurationName = Release;
		};
		D11C00F92A3A4425002A1706 /* Build configuration list for PBXNativeTarget "Mind the Gap" */ = {
			isa = XCConfigurationList;
			buildConfigurations = (
				D11C00FA2A3A4425002A1706 /* Debug */,
				D11C00FB2A3A4425002A1706 /* Release */,
			);
			defaultConfigurationIsVisible = 0;
			defaultConfigurationName = Release;
		};
/* End XCConfigurationList section */
	};
	rootObject = D11C00E32A3A4423002A1706 /* Project object */;
}
